
Microsoft Visual Studio Solution File, Format Version 12.00
# Visual Studio Version 17
VisualStudioVersion = 17.11.35327.3
MinimumVisualStudioVersion = 10.0.40219.1
Project("{9A19103F-16F7-4668-BE54-9A1E7A4F7556}") = "CollegeWebApplication", "College WebApplication\CollegeWebApplication.csproj", "{FFF9C1C7-6649-4642-B52A-2361B6A8C58E}"
EndProject
Global
	GlobalSection(SolutionConfigurationPlatforms) = preSolution
		Debug|Any CPU = Debug|Any CPU
		Release|Any CPU = Release|Any CPU
	EndGlobalSection
	GlobalSection(ProjectConfigurationPlatforms) = postSolution
		{FFF9C1C7-6649-4642-B52A-2361B6A8C58E}.Debug|Any CPU.ActiveCfg = Debug|Any CPU
		{FFF9C1C7-6649-4642-B52A-2361B6A8C58E}.Debug|Any CPU.Build.0 = Debug|Any CPU
		{FFF9C1C7-6649-4642-B52A-2361B6A8C58E}.Release|Any CPU.ActiveCfg = Release|Any CPU
		{FFF9C1C7-6649-4642-B52A-2361B6A8C58E}.Release|Any CPU.Build.0 = Release|Any CPU
	EndGlobalSection
	GlobalSection(SolutionProperties) = preSolution
		HideSolutionNode = FALSE
	EndGlobalSection
	GlobalSection(ExtensibilityGlobals) = postSolution
		SolutionGuid = {2F8A71FA-F499-4E23-8DB9-8CA5E9F61C22}
	EndGlobalSection
EndGlobal
